
Microsoft Visual Studio Solution File, Format Version 12.00
# Visual Studio Version 17
VisualStudioVersion = 17.7.34221.43
MinimumVisualStudioVersion = 10.0.40219.1
Project("{FAE04EC0-301F-11D3-BF4B-00C04F79EFBC}") = "trivia-client", "trivia-client.csproj", "{81B1F709-62FE-4BCE-813C-E7CF8CE138BC}"
EndProject
Global
	GlobalSection(SolutionConfigurationPlatforms) = preSolution
		Debug|Any CPU = Debug|Any CPU
		Release|Any CPU = Release|Any CPU
	EndGlobalSection
	GlobalSection(ProjectConfigurationPlatforms) = postSolution
		{81B1F709-62FE-4BCE-813C-E7CF8CE138BC}.Debug|Any CPU.ActiveCfg = Debug|Any CPU
		{81B1F709-62FE-4BCE-813C-E7CF8CE138BC}.Debug|Any CPU.Build.0 = Debug|Any CPU
		{81B1F709-62FE-4BCE-813C-E7CF8CE138BC}.Release|Any CPU.ActiveCfg = Release|Any CPU
		{81B1F709-62FE-4BCE-813C-E7CF8CE138BC}.Release|Any CPU.Build.0 = Release|Any CPU
	EndGlobalSection
	GlobalSection(SolutionProperties) = preSolution
		HideSolutionNode = FALSE
	EndGlobalSection
	GlobalSection(ExtensibilityGlobals) = postSolution
		SolutionGuid = {DE769748-979F-4A56-8A39-F28B0411ABD6}
	EndGlobalSection
EndGlobal
